{
  "name": "sns_handler",
  "version": "1.0.0",
  "lockfileVersion": 3,
  "requires": true,
  "packages": {
    "": {
      "name": "sns_handler",
      "version": "1.0.0",
      "license": "ISC",
      "dependencies": {
        "aws-cloudwatch-log": "^0.1.6"
      }
    },
    "node_modules/aws-cloudwatch-log": {
      "version": "0.1.6",
      "resolved": "https://artifactory.solutions.corelogic.com/artifactory/api/npm/real_estate_us-realist-npm-release-virtual/aws-cloudwatch-log/-/aws-cloudwatch-log-0.1.6.tgz",
      "integrity": "sha512-njCOfMLUCUT9ATHs7gZZOeLhaZDsg3gbjIrUwIxHedCvG6k2LRRpqIG64HviwdYb75pT+xXR8QKa/BeyFJyNTg==",
      "dependencies": {
        "aws4": "^1.6.0",
        "axios": "^0.26.1"
      }
    },
    "node_modules/aws4": {
      "version": "1.13.2",
      "resolved": "https://artifactory.solutions.corelogic.com/artifactory/api/npm/real_estate_us-realist-npm-release-virtual/aws4/-/aws4-1.13.2.tgz",
      "integrity": "sha512-lHe62zvbTB5eEABUVi/AwVh0ZKY9rMMDhmm+eeyuuUQbQ3+J+fONVQOZyj+DdrvD4BY33uYniyRJ4UJIaSKAfw=="
    },
    "node_modules/axios": {
      "version": "0.26.1",
      "resolved": "https://artifactory.solutions.corelogic.com/artifactory/api/npm/real_estate_us-realist-npm-release-virtual/axios/-/axios-0.26.1.tgz",
      "integrity": "sha512-fPwcX4EvnSHuInCMItEhAGnaSEXRBjtzh9fOtsE6E1G6p7vl7edEeZe11QHf18+6+9gR5PbKV/sGKNaD8YaMeA==",
      "dependencies": {
        "follow-redirects": "^1.14.8"
      }
    },
    "node_modules/follow-redirects": {
      "version": "1.15.9",
      "resolved": "https://artifactory.solutions.corelogic.com/artifactory/api/npm/real_estate_us-realist-npm-release-virtual/follow-redirects/-/follow-redirects-1.15.9.tgz",
      "integrity": "sha512-gew4GsXizNgdoRyqmyfMHyAmXsZDk6mHkSxZFCzW9gwlbtOW44CDtYavM+y+72qD/Vq2l550kMF52DT8fOLJqQ==",
      "funding": [
        {
          "type": "individual",
          "url": "https://github.com/sponsors/RubenVerborgh"
        }
      ],
      "engines": {
        "node": ">=4.0"
      },
      "peerDependenciesMeta": {
        "debug": {
          "optional": true
        }
      }
    }
  }
}
